{
  "name": "change-atom-theme",
  "version": "1.0.0",
  "lockfileVersion": 1,
  "requires": true,
  "dependencies": {
    "coffeescript": {
      "version": "1.12.7",
      "resolved": "https://registry.npmjs.org/coffeescript/-/coffeescript-1.12.7.tgz",
      "integrity": "sha512-pLXHFxQMPklVoEekowk8b3erNynC+DVJzChxS/LCBBgR6/8AJkHivkm//zbowcfc7BTCAjryuhx6gPqPRfsFoA=="
    },
    "cson-parser": {
      "version": "3.0.0",
      "resolved": "https://registry.npmjs.org/cson-parser/-/cson-parser-3.0.0.tgz",
      "integrity": "sha512-khmLtNmwe6SSlWz5vrhay9yWd/Fwwyiel+vt+1vIcCT9AsdqNuLXuK9tYhhAw1FdSSHjLc56PW8xa565/x73XQ==",
      "requires": {
        "coffeescript": "^1.10.0"
      }
    }
  }
}
